{
	"name": "homebridge-mac-temperature-light",
	"version": "1.0.0",
	"lockfileVersion": 1,
	"requires": true,
	"dependencies": {
		"serial-number": {
			"version": "1.3.0",
			"resolved": "https://registry.npmjs.org/serial-number/-/serial-number-1.3.0.tgz",
			"integrity": "sha1-r/XKQ93gKkHEC60/HlEjRl1thow="
		}
	}
}
